
Microsoft Visual Studio Solution File, Format Version 12.00
# Visual Studio 15
VisualStudioVersion = 15.0.27703.2035
MinimumVisualStudioVersion = 10.0.40219.1
Project("{FAE04EC0-301F-11D3-BF4B-00C04F79EFBC}") = "Proyecto axura", "Proyecto axura\Proyecto axura.csproj", "{71ECFE2B-3C12-4DA7-A283-F8EFC60B02F2}"
EndProject
Project("{FAE04EC0-301F-11D3-BF4B-00C04F79EFBC}") = "miLibreria", "miLibreria\miLibreria.csproj", "{95227D56-5FB2-4F04-BB4A-5640EE8E6458}"
EndProject
Global
	GlobalSection(SolutionConfigurationPlatforms) = preSolution
		Debug|Any CPU = Debug|Any CPU
		Release|Any CPU = Release|Any CPU
	EndGlobalSection
	GlobalSection(ProjectConfigurationPlatforms) = postSolution
		{71ECFE2B-3C12-4DA7-A283-F8EFC60B02F2}.Debug|Any CPU.ActiveCfg = Debug|Any CPU
		{71ECFE2B-3C12-4DA7-A283-F8EFC60B02F2}.Debug|Any CPU.Build.0 = Debug|Any CPU
		{71ECFE2B-3C12-4DA7-A283-F8EFC60B02F2}.Release|Any CPU.ActiveCfg = Release|Any CPU
		{71ECFE2B-3C12-4DA7-A283-F8EFC60B02F2}.Release|Any CPU.Build.0 = Release|Any CPU
		{95227D56-5FB2-4F04-BB4A-5640EE8E6458}.Debug|Any CPU.ActiveCfg = Debug|Any CPU
		{95227D56-5FB2-4F04-BB4A-5640EE8E6458}.Debug|Any CPU.Build.0 = Debug|Any CPU
		{95227D56-5FB2-4F04-BB4A-5640EE8E6458}.Release|Any CPU.ActiveCfg = Release|Any CPU
		{95227D56-5FB2-4F04-BB4A-5640EE8E6458}.Release|Any CPU.Build.0 = Release|Any CPU
	EndGlobalSection
	GlobalSection(SolutionProperties) = preSolution
		HideSolutionNode = FALSE
	EndGlobalSection
	GlobalSection(ExtensibilityGlobals) = postSolution
		SolutionGuid = {47DE55B6-98BE-4FED-91AA-42AC5B24192B}
	EndGlobalSection
EndGlobal
